// !$*UTF8*$!
{
	archiveVersion = 1;
	classes = {
	};
	objectVersion = 56;
	objects = {

/* Begin PBXBuildFile section */
		300F1F512C8B6A12009DBDA9 /* HomeLinkApp.swift in Sources */ = {isa = PBXBuildFile; fileRef = 300F1F502C8B6A12009DBDA9 /* HomeLinkApp.swift */; };
		300F1F532C8B6A12009DBDA9 /* ContentView.swift in Sources */ = {isa = PBXBuildFile; fileRef = 300F1F522C8B6A12009DBDA9 /* ContentView.swift */; };
		300F1F552C8B6A14009DBDA9 /* Assets.xcassets in Resources */ = {isa = PBXBuildFile; fileRef = 300F1F542C8B6A14009DBDA9 /* Assets.xcassets */; };
		300F1F582C8B6A14009DBDA9 /* Preview Assets.xcassets in Resources */ = {isa = PBXBuildFile; fileRef = 300F1F572C8B6A14009DBDA9 /* Preview Assets.xcassets */; };
		300F1F622C8B6A9B009DBDA9 /* HeroView.swift in Sources */ = {isa = PBXBuildFile; fileRef = 300F1F612C8B6A9B009DBDA9 /* HeroView.swift */; };
		300F1F642C8B6AAE009DBDA9 /* LoginView.swift in Sources */ = {isa = PBXBuildFile; fileRef = 300F1F632C8B6AAE009DBDA9 /* LoginView.swift */; };
		300F1F672C8B6AC5009DBDA9 /* LoginViewModel.swift in Sources */ = {isa = PBXBuildFile; fileRef = 300F1F662C8B6AC5009DBDA9 /* LoginViewModel.swift */; };
		300F1F6A2C8B6FC1009DBDA9 /* HomeView.swift in Sources */ = {isa = PBXBuildFile; fileRef = 300F1F692C8B6FC1009DBDA9 /* HomeView.swift */; };
/* End PBXBuildFile section */

/* Begin PBXFileReference section */
		300F1F4D2C8B6A12009DBDA9 /* HomeLink.app */ = {isa = PBXFileReference; explicitFileType = wrapper.application; includeInIndex = 0; path = HomeLink.app; sourceTree = BUILT_PRODUCTS_DIR; };
		300F1F502C8B6A12009DBDA9 /* HomeLinkApp.swift */ = {isa = PBXFileReference; lastKnownFileType = sourcecode.swift; path = HomeLinkApp.swift; sourceTree = "<group>"; };
		300F1F522C8B6A12009DBDA9 /* ContentView.swift */ = {isa = PBXFileReference; lastKnownFileType = sourcecode.swift; path = ContentView.swift; sourceTree = "<group>"; };
		300F1F542C8B6A14009DBDA9 /* Assets.xcassets */ = {isa = PBXFileReference; lastKnownFileType = folder.assetcatalog; path = Assets.xcassets; sourceTree = "<group>"; };
		300F1F572C8B6A14009DBDA9 /* Preview Assets.xcassets */ = {isa = PBXFileReference; lastKnownFileType = folder.assetcatalog; path = "Preview Assets.xcassets"; sourceTree = "<group>"; };
		300F1F612C8B6A9B009DBDA9 /* HeroView.swift */ = {isa = PBXFileReference; lastKnownFileType = sourcecode.swift; path = HeroView.swift; sourceTree = "<group>"; };
		300F1F632C8B6AAE009DBDA9 /* LoginView.swift */ = {isa = PBXFileReference; lastKnownFileType = sourcecode.swift; path = LoginView.swift; sourceTree = "<group>"; };
		300F1F662C8B6AC5009DBDA9 /* LoginViewModel.swift */ = {isa = PBXFileReference; lastKnownFileType = sourcecode.swift; path = LoginViewModel.swift; sourceTree = "<group>"; };
		300F1F692C8B6FC1009DBDA9 /* HomeView.swift */ = {isa = PBXFileReference; lastKnownFileType = sourcecode.swift; path = HomeView.swift; sourceTree = "<group>"; };
/* End PBXFileReference section */

/* Begin PBXFrameworksBuildPhase section */
		300F1F4A2C8B6A12009DBDA9 /* Frameworks */ = {
			isa = PBXFrameworksBuildPhase;
			buildActionMask = 2147483647;
			files = (
			);
			runOnlyForDeploymentPostprocessing = 0;
		};
/* End PBXFrameworksBuildPhase section */

/* Begin PBXGroup section */
		300F1F442C8B6A12009DBDA9 = {
			isa = PBXGroup;
			children = (
				300F1F4F2C8B6A12009DBDA9 /* HomeLink */,
				300F1F4E2C8B6A12009DBDA9 /* Products */,
			);
			sourceTree = "<group>";
		};
		300F1F4E2C8B6A12009DBDA9 /* Products */ = {
			isa = PBXGroup;
			children = (
				300F1F4D2C8B6A12009DBDA9 /* HomeLink.app */,
			);
			name = Products;
			sourceTree = "<group>";
		};
		300F1F4F2C8B6A12009DBDA9 /* HomeLink */ = {
			isa = PBXGroup;
			children = (
				300F1F5E2C8B6A44009DBDA9 /* Models */,
				300F1F5F2C8B6A4E009DBDA9 /* ViewModels */,
				300F1F602C8B6A58009DBDA9 /* Views */,
				300F1F502C8B6A12009DBDA9 /* HomeLinkApp.swift */,
				300F1F542C8B6A14009DBDA9 /* Assets.xcassets */,
				300F1F562C8B6A14009DBDA9 /* Preview Content */,
			);
			path = HomeLink;
			sourceTree = "<group>";
		};
		300F1F562C8B6A14009DBDA9 /* Preview Content */ = {
			isa = PBXGroup;
			children = (
				300F1F572C8B6A14009DBDA9 /* Preview Assets.xcassets */,
			);
			path = "Preview Content";
			sourceTree = "<group>";
		};
		300F1F5E2C8B6A44009DBDA9 /* Models */ = {
			isa = PBXGroup;
			children = (
			);
			path = Models;
			sourceTree = "<group>";
		};
		300F1F5F2C8B6A4E009DBDA9 /* ViewModels */ = {
			isa = PBXGroup;
			children = (
				300F1F662C8B6AC5009DBDA9 /* LoginViewModel.swift */,
			);
			path = ViewModels;
			sourceTree = "<group>";
		};
		300F1F602C8B6A58009DBDA9 /* Views */ = {
			isa = PBXGroup;
			children = (
				300F1F522C8B6A12009DBDA9 /* ContentView.swift */,
				300F1F612C8B6A9B009DBDA9 /* HeroView.swift */,
				300F1F692C8B6FC1009DBDA9 /* HomeView.swift */,
				300F1F632C8B6AAE009DBDA9 /* LoginView.swift */,
			);
			path = Views;
			sourceTree = "<group>";
		};
/* End PBXGroup section */

/* Begin PBXNativeTarget section */
		300F1F4C2C8B6A12009DBDA9 /* HomeLink */ = {
			isa = PBXNativeTarget;
			buildConfigurationList = 300F1F5B2C8B6A14009DBDA9 /* Build configuration list for PBXNativeTarget "HomeLink" */;
			buildPhases = (
				300F1F492C8B6A12009DBDA9 /* Sources */,
				300F1F4A2C8B6A12009DBDA9 /* Frameworks */,
				300F1F4B2C8B6A12009DBDA9 /* Resources */,
			);
			buildRules = (
			);
			dependencies = (
			);
			name = HomeLink;
			productName = HomeLink;
			productReference = 300F1F4D2C8B6A12009DBDA9 /* HomeLink.app */;
			productType = "com.apple.product-type.application";
		};
/* End PBXNativeTarget section */

/* Begin PBXProject section */
		300F1F452C8B6A12009DBDA9 /* Project object */ = {
			isa = PBXProject;
			attributes = {
				BuildIndependentTargetsInParallel = 1;
				LastSwiftUpdateCheck = 1540;
				LastUpgradeCheck = 1540;
				TargetAttributes = {
					300F1F4C2C8B6A12009DBDA9 = {
						CreatedOnToolsVersion = 15.4;
					};
				};
			};
			buildConfigurationList = 300F1F482C8B6A12009DBDA9 /* Build configuration list for PBXProject "HomeLink" */;
			compatibilityVersion = "Xcode 14.0";
			developmentRegion = en;
			hasScannedForEncodings = 0;
			knownRegions = (
				en,
				Base,
			);
			mainGroup = 300F1F442C8B6A12009DBDA9;
			productRefGroup = 300F1F4E2C8B6A12009DBDA9 /* Products */;
			projectDirPath = "";
			projectRoot = "";
			targets = (
				300F1F4C2C8B6A12009DBDA9 /* HomeLink */,
			);
		};
/* End PBXProject section */

/* Begin PBXResourcesBuildPhase section */
		300F1F4B2C8B6A12009DBDA9 /* Resources */ = {
			isa = PBXResourcesBuildPhase;
			buildActionMask = 2147483647;
			files = (
				300F1F582C8B6A14009DBDA9 /* Preview Assets.xcassets in Resources */,
				300F1F552C8B6A14009DBDA9 /* Assets.xcassets in Resources */,
			);
			runOnlyForDeploymentPostprocessing = 0;
		};
/* End PBXResourcesBuildPhase section */

/* Begin PBXSourcesBuildPhase section */
		300F1F492C8B6A12009DBDA9 /* Sources */ = {
			isa = PBXSourcesBuildPhase;
			buildActionMask = 2147483647;
			files = (
				300F1F532C8B6A12009DBDA9 /* ContentView.swift in Sources */,
				300F1F512C8B6A12009DBDA9 /* HomeLinkApp.swift in Sources */,
				300F1F642C8B6AAE009DBDA9 /* LoginView.swift in Sources */,
				300F1F6A2C8B6FC1009DBDA9 /* HomeView.swift in Sources */,
				300F1F672C8B6AC5009DBDA9 /* LoginViewModel.swift in Sources */,
				300F1F622C8B6A9B009DBDA9 /* HeroView.swift in Sources */,
			);
			runOnlyForDeploymentPostprocessing = 0;
		};
/* End PBXSourcesBuildPhase section */

/* Begin XCBuildConfiguration section */
		300F1F592C8B6A14009DBDA9 /* Debug */ = {
			isa = XCBuildConfiguration;
			buildSettings = {
				ALWAYS_SEARCH_USER_PATHS = NO;
				ASSETCATALOG_COMPILER_GENERATE_SWIFT_ASSET_SYMBOL_EXTENSIONS = YES;
				CLANG_ANALYZER_NONNULL = YES;
				CLANG_ANALYZER_NUMBER_OBJECT_CONVERSION = YES_AGGRESSIVE;
				CLANG_CXX_LANGUAGE_STANDARD = "gnu++20";
				CLANG_ENABLE_MODULES = YES;
				CLANG_ENABLE_OBJC_ARC = YES;
				CLANG_ENABLE_OBJC_WEAK = YES;
				CLANG_WARN_BLOCK_CAPTURE_AUTORELEASING = YES;
				CLANG_WARN_BOOL_CONVERSION = YES;
				CLANG_WARN_COMMA = YES;
				CLANG_WARN_CONSTANT_CONVERSION = YES;
				CLANG_WARN_DEPRECATED_OBJC_IMPLEMENTATIONS = YES;
				CLANG_WARN_DIRECT_OBJC_ISA_USAGE = YES_ERROR;
				CLANG_WARN_DOCUMENTATION_COMMENTS = YES;
				CLANG_WARN_EMPTY_BODY = YES;
				CLANG_WARN_ENUM_CONVERSION = YES;
				CLANG_WARN_INFINITE_RECURSION = YES;
				CLANG_WARN_INT_CONVERSION = YES;
				CLANG_WARN_NON_LITERAL_NULL_CONVERSION = YES;
				CLANG_WARN_OBJC_IMPLICIT_RETAIN_SELF = YES;
				CLANG_WARN_OBJC_LITERAL_CONVERSION = YES;
				CLANG_WARN_OBJC_ROOT_CLASS = YES_ERROR;
				CLANG_WARN_QUOTED_INCLUDE_IN_FRAMEWORK_HEADER = YES;
				CLANG_WARN_RANGE_LOOP_ANALYSIS = YES;
				CLANG_WARN_STRICT_PROTOTYPES = YES;
				CLANG_WARN_SUSPICIOUS_MOVE = YES;
				CLANG_WARN_UNGUARDED_AVAILABILITY = YES_AGGRESSIVE;
				CLANG_WARN_UNREACHABLE_CODE = YES;
				CLANG_WARN__DUPLICATE_METHOD_MATCH = YES;
				COPY_PHASE_STRIP = NO;
				DEBUG_INFORMATION_FORMAT = dwarf;
				ENABLE_STRICT_OBJC_MSGSEND = YES;
				ENABLE_TESTABILITY = YES;
				ENABLE_USER_SCRIPT_SANDBOXING = YES;
				GCC_C_LANGUAGE_STANDARD = gnu17;
				GCC_DYNAMIC_NO_PIC = NO;
				GCC_NO_COMMON_BLOCKS = YES;
				GCC_OPTIMIZATION_LEVEL = 0;
				GCC_PREPROCESSOR_DEFINITIONS = (
					"DEBUG=1",
					"$(inherited)",
				);
				GCC_WARN_64_TO_32_BIT_CONVERSION = YES;
				GCC_WARN_ABOUT_RETURN_TYPE = YES_ERROR;
				GCC_WARN_UNDECLARED_SELECTOR = YES;
				GCC_WARN_UNINITIALIZED_AUTOS = YES_AGGRESSIVE;
				GCC_WARN_UNUSED_FUNCTION = YES;
				GCC_WARN_UNUSED_VARIABLE = YES;
				IPHONEOS_DEPLOYMENT_TARGET = 17.5;
				LOCALIZATION_PREFERS_STRING_CATALOGS = YES;
				MTL_ENABLE_DEBUG_INFO = INCLUDE_SOURCE;
				MTL_FAST_MATH = YES;
				ONLY_ACTIVE_ARCH = YES;
				SDKROOT = iphoneos;
				SWIFT_ACTIVE_COMPILATION_CONDITIONS = "DEBUG $(inherited)";
				SWIFT_OPTIMIZATION_LEVEL = "-Onone";
			};
			name = Debug;
		};
		300F1F5A2C8B6A14009DBDA9 /* Release */ = {
			isa = XCBuildConfiguration;
			buildSettings = {
				ALWAYS_SEARCH_USER_PATHS = NO;
				ASSETCATALOG_COMPILER_GENERATE_SWIFT_ASSET_SYMBOL_EXTENSIONS = YES;
				CLANG_ANALYZER_NONNULL = YES;
				CLANG_ANALYZER_NUMBER_OBJECT_CONVERSION = YES_AGGRESSIVE;
				CLANG_CXX_LANGUAGE_STANDARD = "gnu++20";
				CLANG_ENABLE_MODULES = YES;
				CLANG_ENABLE_OBJC_ARC = YES;
				CLANG_ENABLE_OBJC_WEAK = YES;
				CLANG_WARN_BLOCK_CAPTURE_AUTORELEASING = YES;
				CLANG_WARN_BOOL_CONVERSION = YES;
				CLANG_WARN_COMMA = YES;
				CLANG_WARN_CONSTANT_CONVERSION = YES;
				CLANG_WARN_DEPRECATED_OBJC_IMPLEMENTATIONS = YES;
				CLANG_WARN_DIRECT_OBJC_ISA_USAGE = YES_ERROR;
				CLANG_WARN_DOCUMENTATION_COMMENTS = YES;
				CLANG_WARN_EMPTY_BODY = YES;
				CLANG_WARN_ENUM_CONVERSION = YES;
				CLANG_WARN_INFINITE_RECURSION = YES;
				CLANG_WARN_INT_CONVERSION = YES;
				CLANG_WARN_NON_LITERAL_NULL_CONVERSION = YES;
				CLANG_WARN_OBJC_IMPLICIT_RETAIN_SELF = YES;
				CLANG_WARN_OBJC_LITERAL_CONVERSION = YES;
				CLANG_WARN_OBJC_ROOT_CLASS = YES_ERROR;
				CLANG_WARN_QUOTED_INCLUDE_IN_FRAMEWORK_HEADER = YES;
				CLANG_WARN_RANGE_LOOP_ANALYSIS = YES;
				CLANG_WARN_STRICT_PROTOTYPES = YES;
				CLANG_WARN_SUSPICIOUS_MOVE = YES;
				CLANG_WARN_UNGUARDED_AVAILABILITY = YES_AGGRESSIVE;
				CLANG_WARN_UNREACHABLE_CODE = YES;
				CLANG_WARN__DUPLICATE_METHOD_MATCH = YES;
				COPY_PHASE_STRIP = NO;
				DEBUG_INFORMATION_FORMAT = "dwarf-with-dsym";
				ENABLE_NS_ASSERTIONS = NO;
				ENABLE_STRICT_OBJC_MSGSEND = YES;
				ENABLE_USER_SCRIPT_SANDBOXING = YES;
				GCC_C_LANGUAGE_STANDARD = gnu17;
				GCC_NO_COMMON_BLOCKS = YES;
				GCC_WARN_64_TO_32_BIT_CONVERSION = YES;
				GCC_WARN_ABOUT_RETURN_TYPE = YES_ERROR;
				GCC_WARN_UNDECLARED_SELECTOR = YES;
				GCC_WARN_UNINITIALIZED_AUTOS = YES_AGGRESSIVE;
				GCC_WARN_UNUSED_FUNCTION = YES;
				GCC_WARN_UNUSED_VARIABLE = YES;
				IPHONEOS_DEPLOYMENT_TARGET = 17.5;
				LOCALIZATION_PREFERS_STRING_CATALOGS = YES;
				MTL_ENABLE_DEBUG_INFO = NO;
				MTL_FAST_MATH = YES;
				SDKROOT = iphoneos;
				SWIFT_COMPILATION_MODE = wholemodule;
				VALIDATE_PRODUCT = YES;
			};
			name = Release;
		};
		300F1F5C2C8B6A14009DBDA9 /* Debug */ = {
			isa = XCBuildConfiguration;
			buildSettings = {
				ASSETCATALOG_COMPILER_APPICON_NAME = AppIcon;
				ASSETCATALOG_COMPILER_GLOBAL_ACCENT_COLOR_NAME = AccentColor;
				CODE_SIGN_STYLE = Automatic;
				CURRENT_PROJECT_VERSION = 1;
				DEVELOPMENT_ASSET_PATHS = "\"HomeLink/Preview Content\"";
				DEVELOPMENT_TEAM = N67F2VJLNG;
				ENABLE_PREVIEWS = YES;
				GENERATE_INFOPLIST_FILE = YES;
				INFOPLIST_FILE = HomeLink/Info.plist;
				INFOPLIST_KEY_UIApplicationSceneManifest_Generation = YES;
				INFOPLIST_KEY_UIApplicationSupportsIndirectInputEvents = YES;
				INFOPLIST_KEY_UILaunchScreen_Generation = YES;
				INFOPLIST_KEY_UISupportedInterfaceOrientations_iPad = "UIInterfaceOrientationPortrait UIInterfaceOrientationPortraitUpsideDown UIInterfaceOrientationLandscapeLeft UIInterfaceOrientationLandscapeRight";
				INFOPLIST_KEY_UISupportedInterfaceOrientations_iPhone = "UIInterfaceOrientationPortrait UIInterfaceOrientationLandscapeLeft UIInterfaceOrientationLandscapeRight";
				LD_RUNPATH_SEARCH_PATHS = (
					"$(inherited)",
					"@executable_path/Frameworks",
				);
				MARKETING_VERSION = 1.0;
				PRODUCT_BUNDLE_IDENTIFIER = com.pedroandriotti.HomeLink;
				PRODUCT_NAME = "$(TARGET_NAME)";
				SWIFT_EMIT_LOC_STRINGS = YES;
				SWIFT_VERSION = 5.0;
				TARGETED_DEVICE_FAMILY = "1,2";
			};
			name = Debug;
		};
		300F1F5D2C8B6A14009DBDA9 /* Release */ = {
			isa = XCBuildConfiguration;
			buildSettings = {
				ASSETCATALOG_COMPILER_APPICON_NAME = AppIcon;
				ASSETCATALOG_COMPILER_GLOBAL_ACCENT_COLOR_NAME = AccentColor;
				CODE_SIGN_STYLE = Automatic;
				CURRENT_PROJECT_VERSION = 1;
				DEVELOPMENT_ASSET_PATHS = "\"HomeLink/Preview Content\"";
				DEVELOPMENT_TEAM = N67F2VJLNG;
				ENABLE_PREVIEWS = YES;
				GENERATE_INFOPLIST_FILE = YES;
				INFOPLIST_FILE = HomeLink/Info.plist;
				INFOPLIST_KEY_UIApplicationSceneManifest_Generation = YES;
				INFOPLIST_KEY_UIApplicationSupportsIndirectInputEvents = YES;
				INFOPLIST_KEY_UILaunchScreen_Generation = YES;
				INFOPLIST_KEY_UISupportedInterfaceOrientations_iPad = "UIInterfaceOrientationPortrait UIInterfaceOrientationPortraitUpsideDown UIInterfaceOrientationLandscapeLeft UIInterfaceOrientationLandscapeRight";
				INFOPLIST_KEY_UISupportedInterfaceOrientations_iPhone = "UIInterfaceOrientationPortrait UIInterfaceOrientationLandscapeLeft UIInterfaceOrientationLandscapeRight";
				LD_RUNPATH_SEARCH_PATHS = (
					"$(inherited)",
					"@executable_path/Frameworks",
				);
				MARKETING_VERSION = 1.0;
				PRODUCT_BUNDLE_IDENTIFIER = com.pedroandriotti.HomeLink;
				PRODUCT_NAME = "$(TARGET_NAME)";
				SWIFT_EMIT_LOC_STRINGS = YES;
				SWIFT_VERSION = 5.0;
				TARGETED_DEVICE_FAMILY = "1,2";
			};
			name = Release;
		};
/* End XCBuildConfiguration section */

/* Begin XCConfigurationList section */
		300F1F482C8B6A12009DBDA9 /* Build configuration list for PBXProject "HomeLink" */ = {
			isa = XCConfigurationList;
			buildConfigurations = (
				300F1F592C8B6A14009DBDA9 /* Debug */,
				300F1F5A2C8B6A14009DBDA9 /* Release */,
			);
			defaultConfigurationIsVisible = 0;
			defaultConfigurationName = Release;
		};
		300F1F5B2C8B6A14009DBDA9 /* Build configuration list for PBXNativeTarget "HomeLink" */ = {
			isa = XCConfigurationList;
			buildConfigurations = (
				300F1F5C2C8B6A14009DBDA9 /* Debug */,
				300F1F5D2C8B6A14009DBDA9 /* Release */,
			);
			defaultConfigurationIsVisible = 0;
			defaultConfigurationName = Release;
		};
/* End XCConfigurationList section */
	};
	rootObject = 300F1F452C8B6A12009DBDA9 /* Project object */;
}
